
Microsoft Visual Studio Solution File, Format Version 12.00
# Visual Studio Version 17
VisualStudioVersion = 17.3.32929.385
MinimumVisualStudioVersion = 10.0.40219.1
Project("{9A19103F-16F7-4668-BE54-9A1E7A4F7556}") = "JobSearchService", "JobSearchService\JobSearchService.csproj", "{C032A636-E65D-49CD-A43F-6933DD8488C4}"
EndProject
Project("{FAE04EC0-301F-11D3-BF4B-00C04F79EFBC}") = "JobSearchServiceTests", "JobSearchServiceTests\JobSearchServiceTests.csproj", "{0AC21E62-67E8-4683-94A5-68293092A066}"
EndProject
Global
	GlobalSection(SolutionConfigurationPlatforms) = preSolution
		Debug|Any CPU = Debug|Any CPU
		Release|Any CPU = Release|Any CPU
	EndGlobalSection
	GlobalSection(ProjectConfigurationPlatforms) = postSolution
		{C032A636-E65D-49CD-A43F-6933DD8488C4}.Debug|Any CPU.ActiveCfg = Debug|Any CPU
		{C032A636-E65D-49CD-A43F-6933DD8488C4}.Debug|Any CPU.Build.0 = Debug|Any CPU
		{C032A636-E65D-49CD-A43F-6933DD8488C4}.Release|Any CPU.ActiveCfg = Release|Any CPU
		{C032A636-E65D-49CD-A43F-6933DD8488C4}.Release|Any CPU.Build.0 = Release|Any CPU
		{0AC21E62-67E8-4683-94A5-68293092A066}.Debug|Any CPU.ActiveCfg = Debug|Any CPU
		{0AC21E62-67E8-4683-94A5-68293092A066}.Debug|Any CPU.Build.0 = Debug|Any CPU
		{0AC21E62-67E8-4683-94A5-68293092A066}.Release|Any CPU.ActiveCfg = Release|Any CPU
		{0AC21E62-67E8-4683-94A5-68293092A066}.Release|Any CPU.Build.0 = Release|Any CPU
	EndGlobalSection
	GlobalSection(SolutionProperties) = preSolution
		HideSolutionNode = FALSE
	EndGlobalSection
	GlobalSection(ExtensibilityGlobals) = postSolution
		SolutionGuid = {BCD6B39D-8081-402F-AFC1-5967C66B185A}
	EndGlobalSection
EndGlobal
